
Microsoft Visual Studio Solution File, Format Version 12.00
# Visual Studio Version 17
VisualStudioVersion = 17.11.35222.181
MinimumVisualStudioVersion = 10.0.40219.1
Project("{FAE04EC0-301F-11D3-BF4B-00C04F79EFBC}") = "Lab2Lib", "Lab2Lib\Lab2Lib.csproj", "{336FFEBF-5DE4-4EEC-8E87-18EDD7AA6236}"
EndProject
Project("{FAE04EC0-301F-11D3-BF4B-00C04F79EFBC}") = "Lab3App", "Lab3App\Lab3App.csproj", "{70346866-72ED-45F3-856A-3C01EBCB113F}"
EndProject
Global
	GlobalSection(SolutionConfigurationPlatforms) = preSolution
		Debug|Any CPU = Debug|Any CPU
		Release|Any CPU = Release|Any CPU
	EndGlobalSection
	GlobalSection(ProjectConfigurationPlatforms) = postSolution
		{336FFEBF-5DE4-4EEC-8E87-18EDD7AA6236}.Debug|Any CPU.ActiveCfg = Debug|Any CPU
		{336FFEBF-5DE4-4EEC-8E87-18EDD7AA6236}.Debug|Any CPU.Build.0 = Debug|Any CPU
		{336FFEBF-5DE4-4EEC-8E87-18EDD7AA6236}.Release|Any CPU.ActiveCfg = Release|Any CPU
		{336FFEBF-5DE4-4EEC-8E87-18EDD7AA6236}.Release|Any CPU.Build.0 = Release|Any CPU
		{70346866-72ED-45F3-856A-3C01EBCB113F}.Debug|Any CPU.ActiveCfg = Debug|Any CPU
		{70346866-72ED-45F3-856A-3C01EBCB113F}.Debug|Any CPU.Build.0 = Debug|Any CPU
		{70346866-72ED-45F3-856A-3C01EBCB113F}.Release|Any CPU.ActiveCfg = Release|Any CPU
		{70346866-72ED-45F3-856A-3C01EBCB113F}.Release|Any CPU.Build.0 = Release|Any CPU
	EndGlobalSection
	GlobalSection(SolutionProperties) = preSolution
		HideSolutionNode = FALSE
	EndGlobalSection
	GlobalSection(ExtensibilityGlobals) = postSolution
		SolutionGuid = {B6C7668C-04B3-41C2-87F8-42DF6CA49323}
	EndGlobalSection
EndGlobal
